
Microsoft Visual Studio Solution File, Format Version 12.00
# Visual Studio Version 17
VisualStudioVersion = 17.11.35431.28
MinimumVisualStudioVersion = 10.0.40219.1
Project("{FAE04EC0-301F-11D3-BF4B-00C04F79EFBC}") = "ImprovedMarkdown", "ImprovedMarkdown.csproj", "{58F7320D-FC07-4F14-AAA6-FEC0616DA5BB}"
EndProject
Global
	GlobalSection(SolutionConfigurationPlatforms) = preSolution
		Debug|Any CPU = Debug|Any CPU
		Release|Any CPU = Release|Any CPU
	EndGlobalSection
	GlobalSection(ProjectConfigurationPlatforms) = postSolution
		{58F7320D-FC07-4F14-AAA6-FEC0616DA5BB}.Debug|Any CPU.ActiveCfg = Debug|Any CPU
		{58F7320D-FC07-4F14-AAA6-FEC0616DA5BB}.Debug|Any CPU.Build.0 = Debug|Any CPU
		{58F7320D-FC07-4F14-AAA6-FEC0616DA5BB}.Release|Any CPU.ActiveCfg = Release|Any CPU
		{58F7320D-FC07-4F14-AAA6-FEC0616DA5BB}.Release|Any CPU.Build.0 = Release|Any CPU
	EndGlobalSection
	GlobalSection(SolutionProperties) = preSolution
		HideSolutionNode = FALSE
	EndGlobalSection
	GlobalSection(ExtensibilityGlobals) = postSolution
		SolutionGuid = {7B8C44A2-140A-46F4-BB1C-B009E211B2BE}
	EndGlobalSection
EndGlobal
